// !$*UTF8*$!
{
	archiveVersion = 1;
	classes = {
	};
	objectVersion = 55;
	objects = {

/* Begin PBXBuildFile section */
		D3D2446F27352EC000649470 /* main.cpp in Sources */ = {isa = PBXBuildFile; fileRef = D3D2446E27352EC000649470 /* main.cpp */; };
		D3D244782735315800649470 /* libvulkan.1.2.189.dylib in Frameworks */ = {isa = PBXBuildFile; fileRef = D3D244762735315800649470 /* libvulkan.1.2.189.dylib */; };
		D3D244792735315800649470 /* libvulkan.1.dylib in Frameworks */ = {isa = PBXBuildFile; fileRef = D3D244772735315800649470 /* libvulkan.1.dylib */; };
		D3D2447B2735320900649470 /* libglfw.3.3.dylib in Frameworks */ = {isa = PBXBuildFile; fileRef = D3D2447A2735320900649470 /* libglfw.3.3.dylib */; };
		D3D2447D2735326500649470 /* libglfw.3.3.dylib in CopyFiles */ = {isa = PBXBuildFile; fileRef = D3D2447C2735326500649470 /* libglfw.3.3.dylib */; };
		D3D24480273532B400649470 /* libvulkan.1.2.189.dylib in CopyFiles */ = {isa = PBXBuildFile; fileRef = D3D2447E273532B400649470 /* libvulkan.1.2.189.dylib */; };
		D3D24481273532B400649470 /* libvulkan.1.dylib in CopyFiles */ = {isa = PBXBuildFile; fileRef = D3D2447F273532B400649470 /* libvulkan.1.dylib */; };
/* End PBXBuildFile section */

/* Begin PBXCopyFilesBuildPhase section */
		D3D2446927352EC000649470 /* CopyFiles */ = {
			isa = PBXCopyFilesBuildPhase;
			buildActionMask = 12;
			dstPath = "";
			dstSubfolderSpec = 10;
			files = (
				D3D24480273532B400649470 /* libvulkan.1.2.189.dylib in CopyFiles */,
				D3D24481273532B400649470 /* libvulkan.1.dylib in CopyFiles */,
				D3D2447D2735326500649470 /* libglfw.3.3.dylib in CopyFiles */,
			);
			runOnlyForDeploymentPostprocessing = 0;
		};
/* End PBXCopyFilesBuildPhase section */

/* Begin PBXFileReference section */
		D3D2446B27352EC000649470 /* VulkanTesting */ = {isa = PBXFileReference; explicitFileType = "compiled.mach-o.executable"; includeInIndex = 0; path = VulkanTesting; sourceTree = BUILT_PRODUCTS_DIR; };
		D3D2446E27352EC000649470 /* main.cpp */ = {isa = PBXFileReference; lastKnownFileType = sourcecode.cpp.cpp; path = main.cpp; sourceTree = "<group>"; };
		D3D244762735315800649470 /* libvulkan.1.2.189.dylib */ = {isa = PBXFileReference; lastKnownFileType = "compiled.mach-o.dylib"; name = libvulkan.1.2.189.dylib; path = ../../../include/VulkanSDK/1.2.189.0/macOS/lib/libvulkan.1.2.189.dylib; sourceTree = "<group>"; };
		D3D244772735315800649470 /* libvulkan.1.dylib */ = {isa = PBXFileReference; lastKnownFileType = "compiled.mach-o.dylib"; name = libvulkan.1.dylib; path = ../../../include/VulkanSDK/1.2.189.0/macOS/lib/libvulkan.1.dylib; sourceTree = "<group>"; };
		D3D2447A2735320900649470 /* libglfw.3.3.dylib */ = {isa = PBXFileReference; lastKnownFileType = "compiled.mach-o.dylib"; name = libglfw.3.3.dylib; path = ../../../../../usr/local/lib/libglfw.3.3.dylib; sourceTree = "<group>"; };
		D3D2447C2735326500649470 /* libglfw.3.3.dylib */ = {isa = PBXFileReference; lastKnownFileType = "compiled.mach-o.dylib"; name = libglfw.3.3.dylib; path = ../../../../../usr/local/lib/libglfw.3.3.dylib; sourceTree = "<group>"; };
		D3D2447E273532B400649470 /* libvulkan.1.2.189.dylib */ = {isa = PBXFileReference; lastKnownFileType = "compiled.mach-o.dylib"; name = libvulkan.1.2.189.dylib; path = ../../../include/VulkanSDK/1.2.189.0/macOS/lib/libvulkan.1.2.189.dylib; sourceTree = "<group>"; };
		D3D2447F273532B400649470 /* libvulkan.1.dylib */ = {isa = PBXFileReference; lastKnownFileType = "compiled.mach-o.dylib"; name = libvulkan.1.dylib; path = ../../../include/VulkanSDK/1.2.189.0/macOS/lib/libvulkan.1.dylib; sourceTree = "<group>"; };
/* End PBXFileReference section */

/* Begin PBXFrameworksBuildPhase section */
		D3D2446827352EC000649470 /* Frameworks */ = {
			isa = PBXFrameworksBuildPhase;
			buildActionMask = 2147483647;
			files = (
				D3D2447B2735320900649470 /* libglfw.3.3.dylib in Frameworks */,
				D3D244782735315800649470 /* libvulkan.1.2.189.dylib in Frameworks */,
				D3D244792735315800649470 /* libvulkan.1.dylib in Frameworks */,
			);
			runOnlyForDeploymentPostprocessing = 0;
		};
/* End PBXFrameworksBuildPhase section */

/* Begin PBXGroup section */
		D3D2446227352EC000649470 = {
			isa = PBXGroup;
			children = (
				D3D2447E273532B400649470 /* libvulkan.1.2.189.dylib */,
				D3D2447F273532B400649470 /* libvulkan.1.dylib */,
				D3D2447C2735326500649470 /* libglfw.3.3.dylib */,
				D3D2446D27352EC000649470 /* VulkanTesting */,
				D3D2446C27352EC000649470 /* Products */,
				D3D244752735315800649470 /* Frameworks */,
			);
			sourceTree = "<group>";
		};
		D3D2446C27352EC000649470 /* Products */ = {
			isa = PBXGroup;
			children = (
				D3D2446B27352EC000649470 /* VulkanTesting */,
			);
			name = Products;
			sourceTree = "<group>";
		};
		D3D2446D27352EC000649470 /* VulkanTesting */ = {
			isa = PBXGroup;
			children = (
				D3D2446E27352EC000649470 /* main.cpp */,
			);
			path = VulkanTesting;
			sourceTree = "<group>";
		};
		D3D244752735315800649470 /* Frameworks */ = {
			isa = PBXGroup;
			children = (
				D3D2447A2735320900649470 /* libglfw.3.3.dylib */,
				D3D244762735315800649470 /* libvulkan.1.2.189.dylib */,
				D3D244772735315800649470 /* libvulkan.1.dylib */,
			);
			name = Frameworks;
			sourceTree = "<group>";
		};
/* End PBXGroup section */

/* Begin PBXNativeTarget section */
		D3D2446A27352EC000649470 /* VulkanTesting */ = {
			isa = PBXNativeTarget;
			buildConfigurationList = D3D2447227352EC000649470 /* Build configuration list for PBXNativeTarget "VulkanTesting" */;
			buildPhases = (
				D3D2446727352EC000649470 /* Sources */,
				D3D2446827352EC000649470 /* Frameworks */,
				D3D2446927352EC000649470 /* CopyFiles */,
			);
			buildRules = (
			);
			dependencies = (
			);
			name = VulkanTesting;
			productName = VulkanTesting;
			productReference = D3D2446B27352EC000649470 /* VulkanTesting */;
			productType = "com.apple.product-type.tool";
		};
/* End PBXNativeTarget section */

/* Begin PBXProject section */
		D3D2446327352EC000649470 /* Project object */ = {
			isa = PBXProject;
			attributes = {
				BuildIndependentTargetsInParallel = 1;
				LastUpgradeCheck = 1310;
				TargetAttributes = {
					D3D2446A27352EC000649470 = {
						CreatedOnToolsVersion = 13.1;
					};
				};
			};
			buildConfigurationList = D3D2446627352EC000649470 /* Build configuration list for PBXProject "VulkanTesting" */;
			compatibilityVersion = "Xcode 13.0";
			developmentRegion = en;
			hasScannedForEncodings = 0;
			knownRegions = (
				en,
				Base,
			);
			mainGroup = D3D2446227352EC000649470;
			productRefGroup = D3D2446C27352EC000649470 /* Products */;
			projectDirPath = "";
			projectRoot = "";
			targets = (
				D3D2446A27352EC000649470 /* VulkanTesting */,
			);
		};
/* End PBXProject section */

/* Begin PBXSourcesBuildPhase section */
		D3D2446727352EC000649470 /* Sources */ = {
			isa = PBXSourcesBuildPhase;
			buildActionMask = 2147483647;
			files = (
				D3D2446F27352EC000649470 /* main.cpp in Sources */,
			);
			runOnlyForDeploymentPostprocessing = 0;
		};
/* End PBXSourcesBuildPhase section */

/* Begin XCBuildConfiguration section */
		D3D2447027352EC000649470 /* Debug */ = {
			isa = XCBuildConfiguration;
			buildSettings = {
				ALWAYS_SEARCH_USER_PATHS = NO;
				CLANG_ANALYZER_NONNULL = YES;
				CLANG_ANALYZER_NUMBER_OBJECT_CONVERSION = YES_AGGRESSIVE;
				CLANG_CXX_LANGUAGE_STANDARD = "gnu++17";
				CLANG_CXX_LIBRARY = "libc++";
				CLANG_ENABLE_MODULES = YES;
				CLANG_ENABLE_OBJC_ARC = YES;
				CLANG_ENABLE_OBJC_WEAK = YES;
				CLANG_WARN_BLOCK_CAPTURE_AUTORELEASING = YES;
				CLANG_WARN_BOOL_CONVERSION = YES;
				CLANG_WARN_COMMA = YES;
				CLANG_WARN_CONSTANT_CONVERSION = YES;
				CLANG_WARN_DEPRECATED_OBJC_IMPLEMENTATIONS = YES;
				CLANG_WARN_DIRECT_OBJC_ISA_USAGE = YES_ERROR;
				CLANG_WARN_DOCUMENTATION_COMMENTS = YES;
				CLANG_WARN_EMPTY_BODY = YES;
				CLANG_WARN_ENUM_CONVERSION = YES;
				CLANG_WARN_INFINITE_RECURSION = YES;
				CLANG_WARN_INT_CONVERSION = YES;
				CLANG_WARN_NON_LITERAL_NULL_CONVERSION = YES;
				CLANG_WARN_OBJC_IMPLICIT_RETAIN_SELF = YES;
				CLANG_WARN_OBJC_LITERAL_CONVERSION = YES;
				CLANG_WARN_OBJC_ROOT_CLASS = YES_ERROR;
				CLANG_WARN_QUOTED_INCLUDE_IN_FRAMEWORK_HEADER = YES;
				CLANG_WARN_RANGE_LOOP_ANALYSIS = YES;
				CLANG_WARN_STRICT_PROTOTYPES = YES;
				CLANG_WARN_SUSPICIOUS_MOVE = YES;
				CLANG_WARN_UNGUARDED_AVAILABILITY = YES_AGGRESSIVE;
				CLANG_WARN_UNREACHABLE_CODE = YES;
				CLANG_WARN__DUPLICATE_METHOD_MATCH = YES;
				COPY_PHASE_STRIP = NO;
				DEBUG_INFORMATION_FORMAT = dwarf;
				ENABLE_STRICT_OBJC_MSGSEND = YES;
				ENABLE_TESTABILITY = YES;
				GCC_C_LANGUAGE_STANDARD = gnu11;
				GCC_DYNAMIC_NO_PIC = NO;
				GCC_NO_COMMON_BLOCKS = YES;
				GCC_OPTIMIZATION_LEVEL = 0;
				GCC_PREPROCESSOR_DEFINITIONS = (
					"DEBUG=1",
					"$(inherited)",
				);
				GCC_WARN_64_TO_32_BIT_CONVERSION = YES;
				GCC_WARN_ABOUT_RETURN_TYPE = YES_ERROR;
				GCC_WARN_UNDECLARED_SELECTOR = YES;
				GCC_WARN_UNINITIALIZED_AUTOS = YES_AGGRESSIVE;
				GCC_WARN_UNUSED_FUNCTION = YES;
				GCC_WARN_UNUSED_VARIABLE = YES;
				MACOSX_DEPLOYMENT_TARGET = 12.0;
				MTL_ENABLE_DEBUG_INFO = INCLUDE_SOURCE;
				MTL_FAST_MATH = YES;
				ONLY_ACTIVE_ARCH = YES;
				SDKROOT = macosx;
			};
			name = Debug;
		};
		D3D2447127352EC000649470 /* Release */ = {
			isa = XCBuildConfiguration;
			buildSettings = {
				ALWAYS_SEARCH_USER_PATHS = NO;
				CLANG_ANALYZER_NONNULL = YES;
				CLANG_ANALYZER_NUMBER_OBJECT_CONVERSION = YES_AGGRESSIVE;
				CLANG_CXX_LANGUAGE_STANDARD = "gnu++17";
				CLANG_CXX_LIBRARY = "libc++";
				CLANG_ENABLE_MODULES = YES;
				CLANG_ENABLE_OBJC_ARC = YES;
				CLANG_ENABLE_OBJC_WEAK = YES;
				CLANG_WARN_BLOCK_CAPTURE_AUTORELEASING = YES;
				CLANG_WARN_BOOL_CONVERSION = YES;
				CLANG_WARN_COMMA = YES;
				CLANG_WARN_CONSTANT_CONVERSION = YES;
				CLANG_WARN_DEPRECATED_OBJC_IMPLEMENTATIONS = YES;
				CLANG_WARN_DIRECT_OBJC_ISA_USAGE = YES_ERROR;
				CLANG_WARN_DOCUMENTATION_COMMENTS = YES;
				CLANG_WARN_EMPTY_BODY = YES;
				CLANG_WARN_ENUM_CONVERSION = YES;
				CLANG_WARN_INFINITE_RECURSION = YES;
				CLANG_WARN_INT_CONVERSION = YES;
				CLANG_WARN_NON_LITERAL_NULL_CONVERSION = YES;
				CLANG_WARN_OBJC_IMPLICIT_RETAIN_SELF = YES;
				CLANG_WARN_OBJC_LITERAL_CONVERSION = YES;
				CLANG_WARN_OBJC_ROOT_CLASS = YES_ERROR;
				CLANG_WARN_QUOTED_INCLUDE_IN_FRAMEWORK_HEADER = YES;
				CLANG_WARN_RANGE_LOOP_ANALYSIS = YES;
				CLANG_WARN_STRICT_PROTOTYPES = YES;
				CLANG_WARN_SUSPICIOUS_MOVE = YES;
				CLANG_WARN_UNGUARDED_AVAILABILITY = YES_AGGRESSIVE;
				CLANG_WARN_UNREACHABLE_CODE = YES;
				CLANG_WARN__DUPLICATE_METHOD_MATCH = YES;
				COPY_PHASE_STRIP = NO;
				DEBUG_INFORMATION_FORMAT = "dwarf-with-dsym";
				ENABLE_NS_ASSERTIONS = NO;
				ENABLE_STRICT_OBJC_MSGSEND = YES;
				GCC_C_LANGUAGE_STANDARD = gnu11;
				GCC_NO_COMMON_BLOCKS = YES;
				GCC_WARN_64_TO_32_BIT_CONVERSION = YES;
				GCC_WARN_ABOUT_RETURN_TYPE = YES_ERROR;
				GCC_WARN_UNDECLARED_SELECTOR = YES;
				GCC_WARN_UNINITIALIZED_AUTOS = YES_AGGRESSIVE;
				GCC_WARN_UNUSED_FUNCTION = YES;
				GCC_WARN_UNUSED_VARIABLE = YES;
				MACOSX_DEPLOYMENT_TARGET = 12.0;
				MTL_ENABLE_DEBUG_INFO = NO;
				MTL_FAST_MATH = YES;
				SDKROOT = macosx;
			};
			name = Release;
		};
		D3D2447327352EC000649470 /* Debug */ = {
			isa = XCBuildConfiguration;
			buildSettings = {
				CODE_SIGN_STYLE = Automatic;
				HEADER_SEARCH_PATHS = (
					/Users/Alex_Makarov/include/VulkanSDK/1.2.189.0/macOS/include,
					/usr/local/include,
				);
				LIBRARY_SEARCH_PATHS = (
					/Users/Alex_Makarov/include/VulkanSDK/1.2.189.0/macOS/lib,
					/usr/local/lib,
				);
				PRODUCT_NAME = "$(TARGET_NAME)";
			};
			name = Debug;
		};
		D3D2447427352EC000649470 /* Release */ = {
			isa = XCBuildConfiguration;
			buildSettings = {
				CODE_SIGN_STYLE = Automatic;
				HEADER_SEARCH_PATHS = (
					/Users/Alex_Makarov/include/VulkanSDK/1.2.189.0/macOS/include,
					/usr/local/include,
				);
				LIBRARY_SEARCH_PATHS = (
					/Users/Alex_Makarov/include/VulkanSDK/1.2.189.0/macOS/lib,
					/usr/local/lib,
				);
				PRODUCT_NAME = "$(TARGET_NAME)";
			};
			name = Release;
		};
/* End XCBuildConfiguration section */

/* Begin XCConfigurationList section */
		D3D2446627352EC000649470 /* Build configuration list for PBXProject "VulkanTesting" */ = {
			isa = XCConfigurationList;
			buildConfigurations = (
				D3D2447027352EC000649470 /* Debug */,
				D3D2447127352EC000649470 /* Release */,
			);
			defaultConfigurationIsVisible = 0;
			defaultConfigurationName = Release;
		};
		D3D2447227352EC000649470 /* Build configuration list for PBXNativeTarget "VulkanTesting" */ = {
			isa = XCConfigurationList;
			buildConfigurations = (
				D3D2447327352EC000649470 /* Debug */,
				D3D2447427352EC000649470 /* Release */,
			);
			defaultConfigurationIsVisible = 0;
			defaultConfigurationName = Release;
		};
/* End XCConfigurationList section */
	};
	rootObject = D3D2446327352EC000649470 /* Project object */;
}
